dependencies:
- name: common-labels
  repository: file://../../library/common-labels
  version: 0.1.0
- name: baseResources
  repository: file://../../library/baseResources
  version: 0.5.0
- name: mariadb
  repository: file://../../library/mariadb
  version: 0.2.0
digest: sha256:12edd1432ee61625442322ddffa7d95b432e571d76f5d1d08995fcf1a2142ee3
generated: "2026-05-24T08:17:12.109373345+02:00"
