dependencies:
- name: common-labels
  repository: file://../../library/common-labels
  version: 0.1.0
- name: baseResources
  repository: file://../../library/baseResources
  version: 0.6.0
- name: mariadb
  repository: file://../../library/mariadb
  version: 0.3.0
digest: sha256:2175142b2ec16ab6469f620f82f6fe4c139207570ce80263fb11f32e8e9fb7a7
generated: "2026-08-17T20:44:37.924535503+02:00"
