dependencies:
- name: common-labels
  repository: file://../../library/common-labels
  version: 0.1.0
- name: baseResources
  repository: file://../../library/baseResources
  version: 0.5.0
- name: cnpg
  repository: file://../../library/cnpg
  version: 0.2.0
digest: sha256:e6b4201892648fd97d352b2a2efc0371b701c8e0d16582fe45295f9af822393a
generated: "2026-07-13T23:38:49.482215365+02:00"
