dependencies:
- name: common-labels
  repository: file://../../library/common-labels
  version: 0.1.0
- name: baseResources
  repository: file://../../library/baseResources
  version: 0.8.0
- name: cnpg
  repository: file://../../library/cnpg
  version: 0.3.0
digest: sha256:8cdb1f55a6d84f56a27bfd7c52478cb2700626c73debb25111e31d7765103ad1
generated: "2026-08-29T18:02:08.203882398+02:00"
