dependencies:
- name: common-labels
  repository: file://../../library/common-labels
  version: 0.1.0
- name: baseResources
  repository: file://../../library/baseResources
  version: 0.6.0
- name: cnpg
  repository: file://../../library/cnpg
  version: 0.2.0
digest: sha256:4df5f8ec784b7bd6f93090a772b3b4d0141219d0dbbbd5f3f144fecbc64ffb47
generated: "2026-07-26T13:47:42.187235332+02:00"
