dependencies:
- name: common-labels
  repository: file://../../library/common-labels
  version: 0.1.0
- name: baseResources
  repository: file://../../library/baseResources
  version: 0.4.0
- name: cnpg-database
  repository: file://../../library/cnpg-database
  version: 0.1.0
digest: sha256:7225cd0bdefb8c792e45a076afa59422e54ca4fc700859fa12e117c708d30132
generated: "2026-05-13T18:28:00.905780872+02:00"
