dependencies:
- name: common-labels
  repository: file://../../library/common-labels
  version: 0.1.0
- name: baseResources
  repository: file://../../library/baseResources
  version: 0.7.0
digest: sha256:8482d1eaa561d3bff80d67e6520c6070eae73358c101aabfe1699f6a6fb21ccc
generated: "2026-08-28T19:37:06.502637876+02:00"
