dependencies:
- name: common-labels
  repository: file://../../library/common-labels
  version: 0.1.0
- name: baseResources
  repository: file://../../library/baseResources
  version: 0.6.0
digest: sha256:b8a45500094e20a4b19768dc2293876339f09119595a8fb7aed43cc9d0f8e012
generated: "2026-08-23T10:00:06.458610776+02:00"
