dependencies:
- name: common-labels
  repository: file://../../library/common-labels
  version: 0.1.0
- name: baseResources
  repository: file://../../library/baseResources
  version: 0.5.0
digest: sha256:454f97523f38b8e2fe1c9fb2a8f0f003f6904c61ea508db554bd4b87ba343c0e
generated: "2026-05-24T08:26:52.33762834+02:00"
