dependencies:
- name: common-labels
  repository: file://../library/common-labels
  version: 0.1.0
- name: default-svc
  repository: file://../library/default-svc
  version: 0.1.0
- name: cnpg-database
  repository: file://../library/cnpg-database
  version: 0.1.0
- name: cnpg-database
  repository: file://../library/cnpg-database
  version: 0.1.0
digest: sha256:c395ee6af9726d94bceb5e6e381cfddad15c1695e9a934a1ee2f459749e75157
generated: "2026-01-25T19:57:17.814818381Z"
