dependencies:
- name: common-labels
  repository: file://../library/common-labels
  version: 0.1.0
- name: default-svc
  repository: file://../library/default-svc
  version: 0.1.0
- name: mariadb
  repository: file://../library/mariadb
  version: 0.1.0
- name: redis
  repository: file://../library/redis
  version: 0.1.0
digest: sha256:165ba750bdd1015fd92280fadeb362eeb1686b71443c0880666c6ae28a9ebff1
generated: "2026-01-25T21:51:45.528921907Z"
