dependencies:
- name: common-labels
  repository: file://../../library/common-labels
  version: 0.1.0
- name: baseResources
  repository: file://../../library/baseResources
  version: 0.4.0
- name: mariadb
  repository: file://../../library/mariadb
  version: 0.2.0
- name: redis
  repository: file://../../library/redis
  version: 0.1.0
digest: sha256:a29f900a3d15d205a0cb6fa978b5158372e580ca2486d5b7216c83f91c7aeca4
generated: "2026-05-13T23:58:08.106404434+02:00"
