dependencies:
- name: common-labels
  repository: file://../../library/common-labels
  version: 0.1.0
- name: baseResources
  repository: file://../../library/baseResources
  version: 0.5.0
- name: cnpg
  repository: file://../../library/cnpg
  version: 0.2.0
digest: sha256:a176b350267849df0a7a86c41177b049e75f53e4aae9c594bf226bc37ff99e82
generated: "2026-07-13T23:36:12.739255794+02:00"
