dependencies:
- name: common-labels
  repository: file://../../library/common-labels
  version: 0.1.0
- name: baseResources
  repository: file://../../library/baseResources
  version: 0.6.0
- name: cnpg
  repository: file://../../library/cnpg
  version: 0.3.0
digest: sha256:7ac60d2470fb4576a305f76e571428add8a9546ba78b04b145a2d7762486e814
generated: "2026-08-17T21:29:56.489200639+02:00"
