dependencies:
- name: common-labels
  repository: file://../library/common-labels
  version: 0.1.0
- name: default-svc
  repository: file://../library/default-svc
  version: 0.1.0
digest: sha256:ec821ccd507adc33a7b52fb5ee54dc4cfb7533f4806424ea917c80233290dce2
generated: "2026-01-25T20:03:20.722033937Z"
