dependencies:
- name: common-labels
  repository: file://../library/common-labels
  version: 0.1.0
- name: default-svc
  repository: file://../library/default-svc
  version: 0.1.0
- name: mariadb
  repository: file://../library/mariadb
  version: 0.1.0
digest: sha256:d6d358243bb90cc59c2827e989022e68d560d033330a6df6afb8cd830a6d4f3e
generated: "2026-01-25T21:39:37.125221441Z"
