dependencies:
- name: common-labels
  repository: file://../library/common-labels
  version: 0.1.0
- name: default-svc
  repository: file://../library/default-svc
  version: 0.1.0
- name: cnpg-database
  repository: file://../library/cnpg-database
  version: 0.1.0
digest: sha256:5e65820cb2baeb8b154597b8fdf872506c13e18b7a1aca7403f76710280d63fc
generated: "2026-01-25T19:57:37.447061225Z"
