dependencies:
- name: common-labels
  repository: file://../../library/common-labels
  version: 0.1.0
- name: baseResources
  repository: file://../../library/baseResources
  version: 0.5.0
- name: cnpg
  repository: file://../../library/cnpg
  version: 0.2.0
- name: redis
  repository: file://../../library/redis
  version: 0.2.0
digest: sha256:c68f874f6ae30d2ee2ed8c82a560065edb37d1f29e3512ec53609ec7bddfcd8c
generated: "2026-07-13T22:35:55.636089107+02:00"
