dependencies:
- name: common-labels
  repository: file://../../library/common-labels
  version: 0.1.0
- name: baseResources
  repository: file://../../library/baseResources
  version: 0.4.0
- name: cnpg-database
  repository: file://../../library/cnpg-database
  version: 0.1.0
- name: redis
  repository: file://../../library/redis
  version: 0.1.0
digest: sha256:bd7aed313345dd1b394da4e61a113174ef9a820478b4c03eed3cd1d294a722ef
generated: "2026-05-13T23:35:04.687975427+02:00"
