dependencies:
- name: common-labels
  repository: file://../library/common-labels
  version: 0.1.0
- name: baseResources
  repository: file://../library/baseResources
  version: 0.6.0
digest: sha256:842c7828f74ea264551177e9ffb949dfaa395b9d4146f06df3bc368748968c96
generated: "2026-07-26T15:48:37.689092495+02:00"
