dependencies:
- name: common-labels
  repository: file://../../library/common-labels
  version: 0.1.0
- name: baseResources
  repository: file://../../library/baseResources
  version: 0.5.0
- name: cnpg-database
  repository: file://../../library/cnpg-database
  version: 0.1.0
- name: cnpg-database
  repository: file://../../library/cnpg-database
  version: 0.1.0
digest: sha256:8e20cb6ca142a0d445ccc9420bbba599c59b22383ff10dd609f5c1f2ce0b8219
generated: "2026-05-24T08:19:54.007474798+02:00"
