dependencies:
- name: common-labels
  repository: file://../../library/common-labels
  version: 0.1.0
- name: baseResources
  repository: file://../../library/baseResources
  version: 0.8.0
- name: cnpg
  repository: file://../../library/cnpg
  version: 0.3.0
- name: redis
  repository: file://../../library/redis
  version: 0.2.0
digest: sha256:4f4da0cfef97a39697eb1d35d8ffb70da12983928f48d562cc6faee060050f80
generated: "2026-09-07T20:51:34.595211946+02:00"
