dependencies:
- name: common-labels
  repository: file://../../library/common-labels
  version: 0.1.0
- name: baseResources
  repository: file://../../library/baseResources
  version: 0.3.0
digest: sha256:da3f33b179574c484c31065a25c529419336358181f347b8d53082b630421f5d
generated: "2026-04-25T15:22:28.027529608+02:00"
