dependencies:
- name: common-labels
  repository: file://../../library/common-labels
  version: 0.1.0
- name: baseResources
  repository: file://../../library/baseResources
  version: 0.4.0
digest: sha256:fee76ef2aa196eafa893d30ca2e5922557fe5410fe4d0491dfe0c2b0fb0cfd0c
generated: "2026-05-12T22:11:55.065497867+02:00"
