dependencies:
- name: common-labels
  repository: file://../../library/common-labels
  version: 0.1.0
- name: baseResources
  repository: file://../../library/baseResources
  version: 0.8.0
digest: sha256:df953deceb97065be60a8c6c933c80f08bd88d1237337b2686fcf9835b961449
generated: "2026-08-29T13:38:05.583975597+02:00"
