dependencies:
- name: common-labels
  repository: file://../../library/common-labels
  version: 0.1.0
- name: baseResources
  repository: file://../../library/baseResources
  version: 0.5.0
- name: mariadb
  repository: file://../../library/mariadb
  version: 0.2.0
- name: redis
  repository: file://../../library/redis
  version: 0.1.0
digest: sha256:35b9e4e9d11c07c5f0b7baa7f582bca6c8fad7b058b49bf3d8538063a6528bf6
generated: "2026-05-24T08:18:46.19543601+02:00"
