dependencies:
- name: common-labels
  repository: file://../../library/common-labels
  version: 0.1.0
- name: baseResources
  repository: file://../../library/baseResources
  version: 0.7.0
- name: mariadb
  repository: file://../../library/mariadb
  version: 0.3.0
- name: redis
  repository: file://../../library/redis
  version: 0.2.0
digest: sha256:525ea1918515802773c1cf3267c1fce8950f95fc1f98f3d500a0fdc3abf455e5
generated: "2026-08-28T19:25:54.880420954+02:00"
